
Microsoft Visual Studio Solution File, Format Version 12.00
# Visual Studio Version 17
VisualStudioVersion = 17.11.35312.102
MinimumVisualStudioVersion = 10.0.40219.1
Project("{FAE04EC0-301F-11D3-BF4B-00C04F79EFBC}") = "TupleToDictionary", "TupleToDictionary.csproj", "{6FC34717-863F-4C57-AAFB-C372A24DFEB0}"
EndProject
Global
	GlobalSection(SolutionConfigurationPlatforms) = preSolution
		Debug|Any CPU = Debug|Any CPU
		Release|Any CPU = Release|Any CPU
	EndGlobalSection
	GlobalSection(ProjectConfigurationPlatforms) = postSolution
		{6FC34717-863F-4C57-AAFB-C372A24DFEB0}.Debug|Any CPU.ActiveCfg = Debug|Any CPU
		{6FC34717-863F-4C57-AAFB-C372A24DFEB0}.Debug|Any CPU.Build.0 = Debug|Any CPU
		{6FC34717-863F-4C57-AAFB-C372A24DFEB0}.Release|Any CPU.ActiveCfg = Release|Any CPU
		{6FC34717-863F-4C57-AAFB-C372A24DFEB0}.Release|Any CPU.Build.0 = Release|Any CPU
	EndGlobalSection
	GlobalSection(SolutionProperties) = preSolution
		HideSolutionNode = FALSE
	EndGlobalSection
	GlobalSection(ExtensibilityGlobals) = postSolution
		SolutionGuid = {83F96594-EEC9-4C8A-BD4C-4759C1D37416}
	EndGlobalSection
EndGlobal
